
Microsoft Visual Studio Solution File, Format Version 12.00
# Visual Studio Version 17
VisualStudioVersion = 17.10.35122.118
MinimumVisualStudioVersion = 10.0.40219.1
Project("{FAE04EC0-301F-11D3-BF4B-00C04F79EFBC}") = "Day4_Bank_Presentation", "Day4_Bank_Presentation\Day4_Bank_Presentation.csproj", "{39B98B7C-D660-47A6-8E8A-5054CA00233D}"
EndProject
Global
	GlobalSection(SolutionConfigurationPlatforms) = preSolution
		Debug|Any CPU = Debug|Any CPU
		Release|Any CPU = Release|Any CPU
	EndGlobalSection
	GlobalSection(ProjectConfigurationPlatforms) = postSolution
		{39B98B7C-D660-47A6-8E8A-5054CA00233D}.Debug|Any CPU.ActiveCfg = Debug|Any CPU
		{39B98B7C-D660-47A6-8E8A-5054CA00233D}.Debug|Any CPU.Build.0 = Debug|Any CPU
		{39B98B7C-D660-47A6-8E8A-5054CA00233D}.Release|Any CPU.ActiveCfg = Release|Any CPU
		{39B98B7C-D660-47A6-8E8A-5054CA00233D}.Release|Any CPU.Build.0 = Release|Any CPU
	EndGlobalSection
	GlobalSection(SolutionProperties) = preSolution
		HideSolutionNode = FALSE
	EndGlobalSection
	GlobalSection(ExtensibilityGlobals) = postSolution
		SolutionGuid = {4ACCD3BF-2108-429A-A32E-843C37DE81C9}
	EndGlobalSection
EndGlobal
